{"1.1.0",
[{<<"datum">>,{pkg,<<"datum">>,<<"4.3.1">>},0},
 {<<"feta">>,
  {git,"https://github.com/fogfish/feta",
       {ref,"0621beb5ed4d02f1fe8b109c8a9fcbffc42c5730"}},
  0},
 {<<"htcodec">>,
  {git,"https://github.com/kfsm/htcodec",
       {ref,"e3cd6f34869a1eee76677dfd16b04aace4dfd1b0"}},
  0},
 {<<"htstream">>,
  {git,"https://github.com/kfsm/htstream",
       {ref,"2a6519efd737eebb70cb9518335f4baf3f479913"}},
  0},
 {<<"jsx">>,{pkg,<<"jsx">>,<<"2.9.0">>},1},
 {<<"meck">>,{pkg,<<"meck">>,<<"0.8.9">>},0},
 {<<"pipe">>,{pkg,<<"pipes">>,<<"1.7.0">>},0}]}.
[
{pkg_hash,[
 {<<"datum">>, <<"D8F5F8DE2674BEB496706E1B408B25E4D4D9965C8621A82C8E8FA9AFEE98159B">>},
 {<<"jsx">>, <<"D2F6E5F069C00266CAD52FB15D87C428579EA4D7D73A33669E12679E203329DD">>},
 {<<"meck">>, <<"64C5C0BD8BCCA3A180B44196265C8ED7594E16BCC845D0698EC6B4E577F48188">>},
 {<<"pipe">>, <<"30648602EEBA882C566277593BC72EC503854A103A52880AB5C4C5039DFA27C3">>}]}
].
