{"1.1.0",
[{<<"datum">>,{pkg,<<"datum">>,<<"4.3.0">>},0},
 {<<"feta">>,
  {git,"https://github.com/fogfish/feta",
       {ref,"0621beb5ed4d02f1fe8b109c8a9fcbffc42c5730"}},
  0},
 {<<"htcodec">>,
  {git,"https://github.com/kfsm/htcodec",
       {ref,"e3cd6f34869a1eee76677dfd16b04aace4dfd1b0"}},
  0},
 {<<"htstream">>,
  {git,"https://github.com/kfsm/htstream",
       {ref,"a6f07398ea15775a16b77e584d799e8baab76843"}},
  0},
 {<<"jsx">>,{pkg,<<"jsx">>,<<"2.9.0">>},1},
 {<<"meck">>,{pkg,<<"meck">>,<<"0.8.9">>},0},
 {<<"pipe">>,
  {git,"https://github.com/kfsm/pipe",
       {ref,"a091f919659818cfe37e2d8c5d44d73962322ab9"}},
  0}]}.
[
{pkg_hash,[
 {<<"datum">>, <<"64DA2F7DEA1D87E5B449974FFE90C4D49FC1B961489551BEC373192ACD6F9EE2">>},
 {<<"jsx">>, <<"D2F6E5F069C00266CAD52FB15D87C428579EA4D7D73A33669E12679E203329DD">>},
 {<<"meck">>, <<"64C5C0BD8BCCA3A180B44196265C8ED7594E16BCC845D0698EC6B4E577F48188">>}]}
].
